
Microsoft Visual Studio Solution File, Format Version 12.00
# Visual Studio Version 17
VisualStudioVersion = 17.0.31903.59
MinimumVisualStudioVersion = 10.0.40219.1
Project("{FAE04EC0-301F-11D3-BF4B-00C04F79EFBC}") = "API", "API\API.csproj", "{4896E0A1-D2B5-4EE5-8915-77834D28E699}"
EndProject
Project("{FAE04EC0-301F-11D3-BF4B-00C04F79EFBC}") = "Application", "Application\Application.csproj", "{CCC87EC1-5B20-41CD-99BB-24544F31B061}"
EndProject
Project("{FAE04EC0-301F-11D3-BF4B-00C04F79EFBC}") = "Domain", "Domain\Domain.csproj", "{02B86E1C-7D9E-4280-9F0B-7509B7EEDCD9}"
EndProject
Project("{FAE04EC0-301F-11D3-BF4B-00C04F79EFBC}") = "Persistence", "Persistence\Persistence.csproj", "{9C96CB7B-502B-4B6C-AED2-6253435EFA77}"
EndProject
Global
	GlobalSection(SolutionConfigurationPlatforms) = preSolution
		Debug|Any CPU = Debug|Any CPU
		Release|Any CPU = Release|Any CPU
	EndGlobalSection
	GlobalSection(SolutionProperties) = preSolution
		HideSolutionNode = FALSE
	EndGlobalSection
	GlobalSection(ProjectConfigurationPlatforms) = postSolution
		{4896E0A1-D2B5-4EE5-8915-77834D28E699}.Debug|Any CPU.ActiveCfg = Debug|Any CPU
		{4896E0A1-D2B5-4EE5-8915-77834D28E699}.Debug|Any CPU.Build.0 = Debug|Any CPU
		{4896E0A1-D2B5-4EE5-8915-77834D28E699}.Release|Any CPU.ActiveCfg = Release|Any CPU
		{4896E0A1-D2B5-4EE5-8915-77834D28E699}.Release|Any CPU.Build.0 = Release|Any CPU
		{CCC87EC1-5B20-41CD-99BB-24544F31B061}.Debug|Any CPU.ActiveCfg = Debug|Any CPU
		{CCC87EC1-5B20-41CD-99BB-24544F31B061}.Debug|Any CPU.Build.0 = Debug|Any CPU
		{CCC87EC1-5B20-41CD-99BB-24544F31B061}.Release|Any CPU.ActiveCfg = Release|Any CPU
		{CCC87EC1-5B20-41CD-99BB-24544F31B061}.Release|Any CPU.Build.0 = Release|Any CPU
		{02B86E1C-7D9E-4280-9F0B-7509B7EEDCD9}.Debug|Any CPU.ActiveCfg = Debug|Any CPU
		{02B86E1C-7D9E-4280-9F0B-7509B7EEDCD9}.Debug|Any CPU.Build.0 = Debug|Any CPU
		{02B86E1C-7D9E-4280-9F0B-7509B7EEDCD9}.Release|Any CPU.ActiveCfg = Release|Any CPU
		{02B86E1C-7D9E-4280-9F0B-7509B7EEDCD9}.Release|Any CPU.Build.0 = Release|Any CPU
		{9C96CB7B-502B-4B6C-AED2-6253435EFA77}.Debug|Any CPU.ActiveCfg = Debug|Any CPU
		{9C96CB7B-502B-4B6C-AED2-6253435EFA77}.Debug|Any CPU.Build.0 = Debug|Any CPU
		{9C96CB7B-502B-4B6C-AED2-6253435EFA77}.Release|Any CPU.ActiveCfg = Release|Any CPU
		{9C96CB7B-502B-4B6C-AED2-6253435EFA77}.Release|Any CPU.Build.0 = Release|Any CPU
	EndGlobalSection
EndGlobal
